// !$*UTF8*$!
{
	archiveVersion = 1;
	classes = {
	};
	objectVersion = 55;
	objects = {

/* Begin PBXBuildFile section */
		072A926B280944D700CD0A15 /* 7_range3.cpp in Sources */ = {isa = PBXBuildFile; fileRef = 072A926A280944D700CD0A15 /* 7_range3.cpp */; };
		072A926D2809497800CD0A15 /* 7_range4.cpp in Sources */ = {isa = PBXBuildFile; fileRef = 072A926C2809497800CD0A15 /* 7_range4.cpp */; };
		072A926F28094AA500CD0A15 /* 7_range5.cpp in Sources */ = {isa = PBXBuildFile; fileRef = 072A926E28094AA500CD0A15 /* 7_range5.cpp */; };
		072A927128094C2200CD0A15 /* 7_range6.cpp in Sources */ = {isa = PBXBuildFile; fileRef = 072A927028094C2200CD0A15 /* 7_range6.cpp */; };
		072A927328094D3E00CD0A15 /* 7_range7.cpp in Sources */ = {isa = PBXBuildFile; fileRef = 072A927228094D3E00CD0A15 /* 7_range7.cpp */; };
		072A9275280952AC00CD0A15 /* 8_coroutine.cpp in Sources */ = {isa = PBXBuildFile; fileRef = 072A9274280952AC00CD0A15 /* 8_coroutine.cpp */; };
		072A9277280952D300CD0A15 /* 8_coroutine1.cpp in Sources */ = {isa = PBXBuildFile; fileRef = 072A9276280952D300CD0A15 /* 8_coroutine1.cpp */; };
		072A9279280952F900CD0A15 /* 8_coroutine2.cpp in Sources */ = {isa = PBXBuildFile; fileRef = 072A9278280952F900CD0A15 /* 8_coroutine2.cpp */; };
		072A927B2809552E00CD0A15 /* 8_coroutine3.cpp in Sources */ = {isa = PBXBuildFile; fileRef = 072A927A2809552E00CD0A15 /* 8_coroutine3.cpp */; };
/* End PBXBuildFile section */

/* Begin PBXCopyFilesBuildPhase section */
		072A91BF2808E41600CD0A15 /* CopyFiles */ = {
			isa = PBXCopyFilesBuildPhase;
			buildActionMask = 2147483647;
			dstPath = /usr/share/man/man1/;
			dstSubfolderSpec = 0;
			files = (
			);
			runOnlyForDeploymentPostprocessing = 1;
		};
/* End PBXCopyFilesBuildPhase section */

/* Begin PBXFileReference section */
		072A91C12808E41600CD0A15 /* STL-day5 */ = {isa = PBXFileReference; explicitFileType = "compiled.mach-o.executable"; includeInIndex = 0; path = "STL-day5"; sourceTree = BUILT_PRODUCTS_DIR; };
		072A91C42808E41600CD0A15 /* main.cpp */ = {isa = PBXFileReference; lastKnownFileType = sourcecode.cpp.cpp; path = main.cpp; sourceTree = "<group>"; };
		072A92242808E8C200CD0A15 /* 1_bind_function_.cpp */ = {isa = PBXFileReference; lastKnownFileType = sourcecode.cpp.cpp; path = 1_bind_function_.cpp; sourceTree = "<group>"; };
		072A92262808E8E100CD0A15 /* 2_ref1_.cpp */ = {isa = PBXFileReference; lastKnownFileType = sourcecode.cpp.cpp; path = 2_ref1_.cpp; sourceTree = "<group>"; };
		072A92282808EA6000CD0A15 /* 2_ref2_.cpp */ = {isa = PBXFileReference; lastKnownFileType = sourcecode.cpp.cpp; path = 2_ref2_.cpp; sourceTree = "<group>"; };
		072A922A2808ED4D00CD0A15 /* 2_ref3_.cpp */ = {isa = PBXFileReference; lastKnownFileType = sourcecode.cpp.cpp; path = 2_ref3_.cpp; sourceTree = "<group>"; };
		072A922C2808F0BB00CD0A15 /* 2_ref4_.cpp */ = {isa = PBXFileReference; lastKnownFileType = sourcecode.cpp.cpp; path = 2_ref4_.cpp; sourceTree = "<group>"; };
		072A922E2808F17A00CD0A15 /* 2_ref5_.cpp */ = {isa = PBXFileReference; lastKnownFileType = sourcecode.cpp.cpp; path = 2_ref5_.cpp; sourceTree = "<group>"; };
		072A92302808F5E300CD0A15 /* 3_chrono1_.cpp */ = {isa = PBXFileReference; lastKnownFileType = sourcecode.cpp.cpp; path = 3_chrono1_.cpp; sourceTree = "<group>"; };
		072A92322808F6C300CD0A15 /* 3_chrono2_.cpp */ = {isa = PBXFileReference; lastKnownFileType = sourcecode.cpp.cpp; path = 3_chrono2_.cpp; sourceTree = "<group>"; };
		072A92342808F95D00CD0A15 /* 3_chrono3_.cpp */ = {isa = PBXFileReference; lastKnownFileType = sourcecode.cpp.cpp; path = 3_chrono3_.cpp; sourceTree = "<group>"; };
		072A92362808FBB300CD0A15 /* 3_chrono3_1.cpp */ = {isa = PBXFileReference; lastKnownFileType = sourcecode.cpp.cpp; path = 3_chrono3_1.cpp; sourceTree = "<group>"; };
		072A92382808FDC300CD0A15 /* 3_chrono4_.cpp */ = {isa = PBXFileReference; lastKnownFileType = sourcecode.cpp.cpp; path = 3_chrono4_.cpp; sourceTree = "<group>"; };
		072A923B280902CB00CD0A15 /* 4_thread_.cpp */ = {isa = PBXFileReference; lastKnownFileType = sourcecode.cpp.cpp; path = 4_thread_.cpp; sourceTree = "<group>"; };
		072A923D2809047600CD0A15 /* 4_thread2_.cpp */ = {isa = PBXFileReference; lastKnownFileType = sourcecode.cpp.cpp; path = 4_thread2_.cpp; sourceTree = "<group>"; };
		072A923F280906AB00CD0A15 /* 4_thread2_1.cpp */ = {isa = PBXFileReference; lastKnownFileType = sourcecode.cpp.cpp; path = 4_thread2_1.cpp; sourceTree = "<group>"; };
		072A92412809076B00CD0A15 /* 4_thread3_.cpp */ = {isa = PBXFileReference; lastKnownFileType = sourcecode.cpp.cpp; path = 4_thread3_.cpp; sourceTree = "<group>"; };
		072A9243280908F400CD0A15 /* 4_thread3_1.cpp */ = {isa = PBXFileReference; lastKnownFileType = sourcecode.cpp.cpp; path = 4_thread3_1.cpp; sourceTree = "<group>"; };
		072A924528090B3400CD0A15 /* 4_thread3_2.cpp */ = {isa = PBXFileReference; lastKnownFileType = sourcecode.cpp.cpp; path = 4_thread3_2.cpp; sourceTree = "<group>"; };
		072A924728090C7400CD0A15 /* 4_thread4_.cpp */ = {isa = PBXFileReference; lastKnownFileType = sourcecode.cpp.cpp; path = 4_thread4_.cpp; sourceTree = "<group>"; };
		072A9249280911E200CD0A15 /* 4_thread5_.cpp */ = {isa = PBXFileReference; lastKnownFileType = sourcecode.cpp.cpp; path = 4_thread5_.cpp; sourceTree = "<group>"; };
		072A924B2809139600CD0A15 /* 4_thread5_1.cpp */ = {isa = PBXFileReference; lastKnownFileType = sourcecode.cpp.cpp; path = 4_thread5_1.cpp; sourceTree = "<group>"; };
		072A924D2809150A00CD0A15 /* 4_thread6_.cpp */ = {isa = PBXFileReference; lastKnownFileType = sourcecode.cpp.cpp; path = 4_thread6_.cpp; sourceTree = "<group>"; };
		072A924F280917A200CD0A15 /* 4_thread6_1.cpp */ = {isa = PBXFileReference; lastKnownFileType = sourcecode.cpp.cpp; path = 4_thread6_1.cpp; sourceTree = "<group>"; };
		072A92512809187D00CD0A15 /* 4_thread7_.cpp */ = {isa = PBXFileReference; lastKnownFileType = sourcecode.cpp.cpp; path = 4_thread7_.cpp; sourceTree = "<group>"; };
		072A925328092CE100CD0A15 /* 5_traits1.cpp */ = {isa = PBXFileReference; lastKnownFileType = sourcecode.cpp.cpp; path = 5_traits1.cpp; sourceTree = "<group>"; };
		072A925528092D6100CD0A15 /* 5_traits2.cpp */ = {isa = PBXFileReference; lastKnownFileType = sourcecode.cpp.cpp; path = 5_traits2.cpp; sourceTree = "<group>"; };
		072A9258280932A100CD0A15 /* 5_traits3.cpp */ = {isa = PBXFileReference; lastKnownFileType = sourcecode.cpp.cpp; path = 5_traits3.cpp; sourceTree = "<group>"; };
		072A925A2809338200CD0A15 /* 5_traits4.cpp */ = {isa = PBXFileReference; lastKnownFileType = sourcecode.cpp.cpp; path = 5_traits4.cpp; sourceTree = "<group>"; };
		072A925C2809354000CD0A15 /* 5_string_view_.cpp */ = {isa = PBXFileReference; lastKnownFileType = sourcecode.cpp.cpp; path = 5_string_view_.cpp; sourceTree = "<group>"; };
		072A925E2809366E00CD0A15 /* 5_string_view2_.cpp */ = {isa = PBXFileReference; lastKnownFileType = sourcecode.cpp.cpp; path = 5_string_view2_.cpp; sourceTree = "<group>"; };
		072A926028093BF200CD0A15 /* 5_string_view3_.cpp */ = {isa = PBXFileReference; lastKnownFileType = sourcecode.cpp.cpp; path = 5_string_view3_.cpp; sourceTree = "<group>"; };
		072A926228093D2200CD0A15 /* 6_optional_.cpp */ = {isa = PBXFileReference; lastKnownFileType = sourcecode.cpp.cpp; path = 6_optional_.cpp; sourceTree = "<group>"; };
		072A926428093EA000CD0A15 /* 6_optional_2.cpp */ = {isa = PBXFileReference; lastKnownFileType = sourcecode.cpp.cpp; path = 6_optional_2.cpp; sourceTree = "<group>"; };
		072A92662809401000CD0A15 /* 7_range.cpp */ = {isa = PBXFileReference; lastKnownFileType = sourcecode.cpp.cpp; path = 7_range.cpp; sourceTree = "<group>"; };
		072A9268280942F000CD0A15 /* 7_range2.cpp */ = {isa = PBXFileReference; lastKnownFileType = sourcecode.cpp.cpp; path = 7_range2.cpp; sourceTree = "<group>"; };
		072A926A280944D700CD0A15 /* 7_range3.cpp */ = {isa = PBXFileReference; lastKnownFileType = sourcecode.cpp.cpp; path = 7_range3.cpp; sourceTree = "<group>"; };
		072A926C2809497800CD0A15 /* 7_range4.cpp */ = {isa = PBXFileReference; lastKnownFileType = sourcecode.cpp.cpp; path = 7_range4.cpp; sourceTree = "<group>"; };
		072A926E28094AA500CD0A15 /* 7_range5.cpp */ = {isa = PBXFileReference; lastKnownFileType = sourcecode.cpp.cpp; path = 7_range5.cpp; sourceTree = "<group>"; };
		072A927028094C2200CD0A15 /* 7_range6.cpp */ = {isa = PBXFileReference; lastKnownFileType = sourcecode.cpp.cpp; path = 7_range6.cpp; sourceTree = "<group>"; };
		072A927228094D3E00CD0A15 /* 7_range7.cpp */ = {isa = PBXFileReference; lastKnownFileType = sourcecode.cpp.cpp; path = 7_range7.cpp; sourceTree = "<group>"; };
		072A9274280952AC00CD0A15 /* 8_coroutine.cpp */ = {isa = PBXFileReference; lastKnownFileType = sourcecode.cpp.cpp; path = 8_coroutine.cpp; sourceTree = "<group>"; };
		072A9276280952D300CD0A15 /* 8_coroutine1.cpp */ = {isa = PBXFileReference; lastKnownFileType = sourcecode.cpp.cpp; path = 8_coroutine1.cpp; sourceTree = "<group>"; };
		072A9278280952F900CD0A15 /* 8_coroutine2.cpp */ = {isa = PBXFileReference; lastKnownFileType = sourcecode.cpp.cpp; path = 8_coroutine2.cpp; sourceTree = "<group>"; };
		072A927A2809552E00CD0A15 /* 8_coroutine3.cpp */ = {isa = PBXFileReference; lastKnownFileType = sourcecode.cpp.cpp; path = 8_coroutine3.cpp; sourceTree = "<group>"; };
/* End PBXFileReference section */

/* Begin PBXFrameworksBuildPhase section */
		072A91BE2808E41600CD0A15 /* Frameworks */ = {
			isa = PBXFrameworksBuildPhase;
			buildActionMask = 2147483647;
			files = (
			);
			runOnlyForDeploymentPostprocessing = 0;
		};
/* End PBXFrameworksBuildPhase section */

/* Begin PBXGroup section */
		072A91B82808E41600CD0A15 = {
			isa = PBXGroup;
			children = (
				072A91C32808E41600CD0A15 /* STL-day5 */,
				072A91C22808E41600CD0A15 /* Products */,
			);
			sourceTree = "<group>";
		};
		072A91C22808E41600CD0A15 /* Products */ = {
			isa = PBXGroup;
			children = (
				072A91C12808E41600CD0A15 /* STL-day5 */,
			);
			name = Products;
			sourceTree = "<group>";
		};
		072A91C32808E41600CD0A15 /* STL-day5 */ = {
			isa = PBXGroup;
			children = (
				072A91C42808E41600CD0A15 /* main.cpp */,
				072A92242808E8C200CD0A15 /* 1_bind_function_.cpp */,
				072A92262808E8E100CD0A15 /* 2_ref1_.cpp */,
				072A92282808EA6000CD0A15 /* 2_ref2_.cpp */,
				072A922A2808ED4D00CD0A15 /* 2_ref3_.cpp */,
				072A922C2808F0BB00CD0A15 /* 2_ref4_.cpp */,
				072A922E2808F17A00CD0A15 /* 2_ref5_.cpp */,
				072A92302808F5E300CD0A15 /* 3_chrono1_.cpp */,
				072A92322808F6C300CD0A15 /* 3_chrono2_.cpp */,
				072A92342808F95D00CD0A15 /* 3_chrono3_.cpp */,
				072A92362808FBB300CD0A15 /* 3_chrono3_1.cpp */,
				072A92382808FDC300CD0A15 /* 3_chrono4_.cpp */,
				072A923B280902CB00CD0A15 /* 4_thread_.cpp */,
				072A923D2809047600CD0A15 /* 4_thread2_.cpp */,
				072A923F280906AB00CD0A15 /* 4_thread2_1.cpp */,
				072A92412809076B00CD0A15 /* 4_thread3_.cpp */,
				072A9243280908F400CD0A15 /* 4_thread3_1.cpp */,
				072A924528090B3400CD0A15 /* 4_thread3_2.cpp */,
				072A924728090C7400CD0A15 /* 4_thread4_.cpp */,
				072A9249280911E200CD0A15 /* 4_thread5_.cpp */,
				072A924B2809139600CD0A15 /* 4_thread5_1.cpp */,
				072A924D2809150A00CD0A15 /* 4_thread6_.cpp */,
				072A924F280917A200CD0A15 /* 4_thread6_1.cpp */,
				072A92512809187D00CD0A15 /* 4_thread7_.cpp */,
				072A925328092CE100CD0A15 /* 5_traits1.cpp */,
				072A925528092D6100CD0A15 /* 5_traits2.cpp */,
				072A9258280932A100CD0A15 /* 5_traits3.cpp */,
				072A925A2809338200CD0A15 /* 5_traits4.cpp */,
				072A925C2809354000CD0A15 /* 5_string_view_.cpp */,
				072A925E2809366E00CD0A15 /* 5_string_view2_.cpp */,
				072A926028093BF200CD0A15 /* 5_string_view3_.cpp */,
				072A926228093D2200CD0A15 /* 6_optional_.cpp */,
				072A926428093EA000CD0A15 /* 6_optional_2.cpp */,
				072A92662809401000CD0A15 /* 7_range.cpp */,
				072A9268280942F000CD0A15 /* 7_range2.cpp */,
				072A926A280944D700CD0A15 /* 7_range3.cpp */,
				072A926C2809497800CD0A15 /* 7_range4.cpp */,
				072A926E28094AA500CD0A15 /* 7_range5.cpp */,
				072A927028094C2200CD0A15 /* 7_range6.cpp */,
				072A927228094D3E00CD0A15 /* 7_range7.cpp */,
				072A9274280952AC00CD0A15 /* 8_coroutine.cpp */,
				072A9276280952D300CD0A15 /* 8_coroutine1.cpp */,
				072A9278280952F900CD0A15 /* 8_coroutine2.cpp */,
				072A927A2809552E00CD0A15 /* 8_coroutine3.cpp */,
			);
			path = "STL-day5";
			sourceTree = "<group>";
		};
/* End PBXGroup section */

/* Begin PBXNativeTarget section */
		072A91C02808E41600CD0A15 /* STL-day5 */ = {
			isa = PBXNativeTarget;
			buildConfigurationList = 072A91C82808E41600CD0A15 /* Build configuration list for PBXNativeTarget "STL-day5" */;
			buildPhases = (
				072A91BD2808E41600CD0A15 /* Sources */,
				072A91BE2808E41600CD0A15 /* Frameworks */,
				072A91BF2808E41600CD0A15 /* CopyFiles */,
			);
			buildRules = (
			);
			dependencies = (
			);
			name = "STL-day5";
			productName = "STL-day5";
			productReference = 072A91C12808E41600CD0A15 /* STL-day5 */;
			productType = "com.apple.product-type.tool";
		};
/* End PBXNativeTarget section */

/* Begin PBXProject section */
		072A91B92808E41600CD0A15 /* Project object */ = {
			isa = PBXProject;
			attributes = {
				BuildIndependentTargetsInParallel = 1;
				LastUpgradeCheck = 1320;
				TargetAttributes = {
					072A91C02808E41600CD0A15 = {
						CreatedOnToolsVersion = 13.2.1;
					};
				};
			};
			buildConfigurationList = 072A91BC2808E41600CD0A15 /* Build configuration list for PBXProject "STL-day5" */;
			compatibilityVersion = "Xcode 13.0";
			developmentRegion = en;
			hasScannedForEncodings = 0;
			knownRegions = (
				en,
				Base,
			);
			mainGroup = 072A91B82808E41600CD0A15;
			productRefGroup = 072A91C22808E41600CD0A15 /* Products */;
			projectDirPath = "";
			projectRoot = "";
			targets = (
				072A91C02808E41600CD0A15 /* STL-day5 */,
			);
		};
/* End PBXProject section */

/* Begin PBXSourcesBuildPhase section */
		072A91BD2808E41600CD0A15 /* Sources */ = {
			isa = PBXSourcesBuildPhase;
			buildActionMask = 2147483647;
			files = (
				072A927B2809552E00CD0A15 /* 8_coroutine3.cpp in Sources */,
				072A9277280952D300CD0A15 /* 8_coroutine1.cpp in Sources */,
				072A926D2809497800CD0A15 /* 7_range4.cpp in Sources */,
				072A9279280952F900CD0A15 /* 8_coroutine2.cpp in Sources */,
				072A927328094D3E00CD0A15 /* 7_range7.cpp in Sources */,
				072A926F28094AA500CD0A15 /* 7_range5.cpp in Sources */,
				072A9275280952AC00CD0A15 /* 8_coroutine.cpp in Sources */,
				072A927128094C2200CD0A15 /* 7_range6.cpp in Sources */,
				072A926B280944D700CD0A15 /* 7_range3.cpp in Sources */,
			);
			runOnlyForDeploymentPostprocessing = 0;
		};
/* End PBXSourcesBuildPhase section */

/* Begin XCBuildConfiguration section */
		072A91C62808E41600CD0A15 /* Debug */ = {
			isa = XCBuildConfiguration;
			buildSettings = {
				ALWAYS_SEARCH_USER_PATHS = NO;
				CLANG_ANALYZER_NONNULL = YES;
				CLANG_ANALYZER_NUMBER_OBJECT_CONVERSION = YES_AGGRESSIVE;
				CLANG_CXX_LANGUAGE_STANDARD = "gnu++17";
				CLANG_CXX_LIBRARY = "libc++";
				CLANG_ENABLE_MODULES = YES;
				CLANG_ENABLE_OBJC_ARC = YES;
				CLANG_ENABLE_OBJC_WEAK = YES;
				CLANG_WARN_BLOCK_CAPTURE_AUTORELEASING = YES;
				CLANG_WARN_BOOL_CONVERSION = YES;
				CLANG_WARN_COMMA = YES;
				CLANG_WARN_CONSTANT_CONVERSION = YES;
				CLANG_WARN_DEPRECATED_OBJC_IMPLEMENTATIONS = YES;
				CLANG_WARN_DIRECT_OBJC_ISA_USAGE = YES_ERROR;
				CLANG_WARN_DOCUMENTATION_COMMENTS = YES;
				CLANG_WARN_EMPTY_BODY = YES;
				CLANG_WARN_ENUM_CONVERSION = YES;
				CLANG_WARN_INFINITE_RECURSION = YES;
				CLANG_WARN_INT_CONVERSION = YES;
				CLANG_WARN_NON_LITERAL_NULL_CONVERSION = YES;
				CLANG_WARN_OBJC_IMPLICIT_RETAIN_SELF = YES;
				CLANG_WARN_OBJC_LITERAL_CONVERSION = YES;
				CLANG_WARN_OBJC_ROOT_CLASS = YES_ERROR;
				CLANG_WARN_QUOTED_INCLUDE_IN_FRAMEWORK_HEADER = YES;
				CLANG_WARN_RANGE_LOOP_ANALYSIS = YES;
				CLANG_WARN_STRICT_PROTOTYPES = YES;
				CLANG_WARN_SUSPICIOUS_MOVE = YES;
				CLANG_WARN_UNGUARDED_AVAILABILITY = YES_AGGRESSIVE;
				CLANG_WARN_UNREACHABLE_CODE = YES;
				CLANG_WARN__DUPLICATE_METHOD_MATCH = YES;
				COPY_PHASE_STRIP = NO;
				DEBUG_INFORMATION_FORMAT = dwarf;
				ENABLE_STRICT_OBJC_MSGSEND = YES;
				ENABLE_TESTABILITY = YES;
				GCC_C_LANGUAGE_STANDARD = gnu11;
				GCC_DYNAMIC_NO_PIC = NO;
				GCC_NO_COMMON_BLOCKS = YES;
				GCC_OPTIMIZATION_LEVEL = 0;
				GCC_PREPROCESSOR_DEFINITIONS = (
					"DEBUG=1",
					"$(inherited)",
				);
				GCC_WARN_64_TO_32_BIT_CONVERSION = YES;
				GCC_WARN_ABOUT_RETURN_TYPE = YES_ERROR;
				GCC_WARN_UNDECLARED_SELECTOR = YES;
				GCC_WARN_UNINITIALIZED_AUTOS = YES_AGGRESSIVE;
				GCC_WARN_UNUSED_FUNCTION = YES;
				GCC_WARN_UNUSED_VARIABLE = YES;
				MACOSX_DEPLOYMENT_TARGET = 11.6;
				MTL_ENABLE_DEBUG_INFO = INCLUDE_SOURCE;
				MTL_FAST_MATH = YES;
				ONLY_ACTIVE_ARCH = YES;
				SDKROOT = macosx;
			};
			name = Debug;
		};
		072A91C72808E41600CD0A15 /* Release */ = {
			isa = XCBuildConfiguration;
			buildSettings = {
				ALWAYS_SEARCH_USER_PATHS = NO;
				CLANG_ANALYZER_NONNULL = YES;
				CLANG_ANALYZER_NUMBER_OBJECT_CONVERSION = YES_AGGRESSIVE;
				CLANG_CXX_LANGUAGE_STANDARD = "gnu++17";
				CLANG_CXX_LIBRARY = "libc++";
				CLANG_ENABLE_MODULES = YES;
				CLANG_ENABLE_OBJC_ARC = YES;
				CLANG_ENABLE_OBJC_WEAK = YES;
				CLANG_WARN_BLOCK_CAPTURE_AUTORELEASING = YES;
				CLANG_WARN_BOOL_CONVERSION = YES;
				CLANG_WARN_COMMA = YES;
				CLANG_WARN_CONSTANT_CONVERSION = YES;
				CLANG_WARN_DEPRECATED_OBJC_IMPLEMENTATIONS = YES;
				CLANG_WARN_DIRECT_OBJC_ISA_USAGE = YES_ERROR;
				CLANG_WARN_DOCUMENTATION_COMMENTS = YES;
				CLANG_WARN_EMPTY_BODY = YES;
				CLANG_WARN_ENUM_CONVERSION = YES;
				CLANG_WARN_INFINITE_RECURSION = YES;
				CLANG_WARN_INT_CONVERSION = YES;
				CLANG_WARN_NON_LITERAL_NULL_CONVERSION = YES;
				CLANG_WARN_OBJC_IMPLICIT_RETAIN_SELF = YES;
				CLANG_WARN_OBJC_LITERAL_CONVERSION = YES;
				CLANG_WARN_OBJC_ROOT_CLASS = YES_ERROR;
				CLANG_WARN_QUOTED_INCLUDE_IN_FRAMEWORK_HEADER = YES;
				CLANG_WARN_RANGE_LOOP_ANALYSIS = YES;
				CLANG_WARN_STRICT_PROTOTYPES = YES;
				CLANG_WARN_SUSPICIOUS_MOVE = YES;
				CLANG_WARN_UNGUARDED_AVAILABILITY = YES_AGGRESSIVE;
				CLANG_WARN_UNREACHABLE_CODE = YES;
				CLANG_WARN__DUPLICATE_METHOD_MATCH = YES;
				COPY_PHASE_STRIP = NO;
				DEBUG_INFORMATION_FORMAT = "dwarf-with-dsym";
				ENABLE_NS_ASSERTIONS = NO;
				ENABLE_STRICT_OBJC_MSGSEND = YES;
				GCC_C_LANGUAGE_STANDARD = gnu11;
				GCC_NO_COMMON_BLOCKS = YES;
				GCC_WARN_64_TO_32_BIT_CONVERSION = YES;
				GCC_WARN_ABOUT_RETURN_TYPE = YES_ERROR;
				GCC_WARN_UNDECLARED_SELECTOR = YES;
				GCC_WARN_UNINITIALIZED_AUTOS = YES_AGGRESSIVE;
				GCC_WARN_UNUSED_FUNCTION = YES;
				GCC_WARN_UNUSED_VARIABLE = YES;
				MACOSX_DEPLOYMENT_TARGET = 11.6;
				MTL_ENABLE_DEBUG_INFO = NO;
				MTL_FAST_MATH = YES;
				SDKROOT = macosx;
			};
			name = Release;
		};
		072A91C92808E41600CD0A15 /* Debug */ = {
			isa = XCBuildConfiguration;
			buildSettings = {
				CODE_SIGN_STYLE = Automatic;
				PRODUCT_NAME = "$(TARGET_NAME)";
			};
			name = Debug;
		};
		072A91CA2808E41600CD0A15 /* Release */ = {
			isa = XCBuildConfiguration;
			buildSettings = {
				CODE_SIGN_STYLE = Automatic;
				PRODUCT_NAME = "$(TARGET_NAME)";
			};
			name = Release;
		};
/* End XCBuildConfiguration section */

/* Begin XCConfigurationList section */
		072A91BC2808E41600CD0A15 /* Build configuration list for PBXProject "STL-day5" */ = {
			isa = XCConfigurationList;
			buildConfigurations = (
				072A91C62808E41600CD0A15 /* Debug */,
				072A91C72808E41600CD0A15 /* Release */,
			);
			defaultConfigurationIsVisible = 0;
			defaultConfigurationName = Release;
		};
		072A91C82808E41600CD0A15 /* Build configuration list for PBXNativeTarget "STL-day5" */ = {
			isa = XCConfigurationList;
			buildConfigurations = (
				072A91C92808E41600CD0A15 /* Debug */,
				072A91CA2808E41600CD0A15 /* Release */,
			);
			defaultConfigurationIsVisible = 0;
			defaultConfigurationName = Release;
		};
/* End XCConfigurationList section */
	};
	rootObject = 072A91B92808E41600CD0A15 /* Project object */;
}
